
Microsoft Visual Studio Solution File, Format Version 12.00
# Visual Studio Version 16
VisualStudioVersion = 16.0.31105.61
MinimumVisualStudioVersion = 10.0.40219.1
Project("{FAE04EC0-301F-11D3-BF4B-00C04F79EFBC}") = "Homework_4", "Homework_4.csproj", "{A15E38B5-C51D-4C42-9E11-10D09FDF5BF3}"
EndProject
Global
	GlobalSection(SolutionConfigurationPlatforms) = preSolution
		Debug|Any CPU = Debug|Any CPU
		Release|Any CPU = Release|Any CPU
	EndGlobalSection
	GlobalSection(ProjectConfigurationPlatforms) = postSolution
		{A15E38B5-C51D-4C42-9E11-10D09FDF5BF3}.Debug|Any CPU.ActiveCfg = Debug|Any CPU
		{A15E38B5-C51D-4C42-9E11-10D09FDF5BF3}.Debug|Any CPU.Build.0 = Debug|Any CPU
		{A15E38B5-C51D-4C42-9E11-10D09FDF5BF3}.Release|Any CPU.ActiveCfg = Release|Any CPU
		{A15E38B5-C51D-4C42-9E11-10D09FDF5BF3}.Release|Any CPU.Build.0 = Release|Any CPU
	EndGlobalSection
	GlobalSection(SolutionProperties) = preSolution
		HideSolutionNode = FALSE
	EndGlobalSection
	GlobalSection(ExtensibilityGlobals) = postSolution
		SolutionGuid = {BED35432-7365-419B-823E-50E8FA6373C5}
	EndGlobalSection
EndGlobal
